
Microsoft Visual Studio Solution File, Format Version 12.00
# Visual Studio Version 17
VisualStudioVersion = 17.1.32228.430
MinimumVisualStudioVersion = 10.0.40219.1
Project("{FAE04EC0-301F-11D3-BF4B-00C04F79EFBC}") = "SuperHeroAPI", "SuperHeroAPI\SuperHeroAPI.csproj", "{B9C0256D-62D1-4C6C-BAC9-F6480232560E}"
EndProject
Global
	GlobalSection(SolutionConfigurationPlatforms) = preSolution
		Debug|Any CPU = Debug|Any CPU
		Release|Any CPU = Release|Any CPU
	EndGlobalSection
	GlobalSection(ProjectConfigurationPlatforms) = postSolution
		{B9C0256D-62D1-4C6C-BAC9-F6480232560E}.Debug|Any CPU.ActiveCfg = Debug|Any CPU
		{B9C0256D-62D1-4C6C-BAC9-F6480232560E}.Debug|Any CPU.Build.0 = Debug|Any CPU
		{B9C0256D-62D1-4C6C-BAC9-F6480232560E}.Release|Any CPU.ActiveCfg = Release|Any CPU
		{B9C0256D-62D1-4C6C-BAC9-F6480232560E}.Release|Any CPU.Build.0 = Release|Any CPU
	EndGlobalSection
	GlobalSection(SolutionProperties) = preSolution
		HideSolutionNode = FALSE
	EndGlobalSection
	GlobalSection(ExtensibilityGlobals) = postSolution
		SolutionGuid = {C8239A2A-81E9-49DD-A4B4-4E0FECD65F93}
	EndGlobalSection
EndGlobal
